
Microsoft Visual Studio Solution File, Format Version 12.00
# Visual Studio 15
VisualStudioVersion = 15.0.28010.2050
MinimumVisualStudioVersion = 10.0.40219.1
Project("{FAE04EC0-301F-11D3-BF4B-00C04F79EFBC}") = "Partiel_JSON_XML", "ConsoleApp5\Partiel_JSON_XML.csproj", "{F68E8B7B-30B7-4E21-B29A-306FED6B2589}"
EndProject
Global
	GlobalSection(SolutionConfigurationPlatforms) = preSolution
		Debug|Any CPU = Debug|Any CPU
		Release|Any CPU = Release|Any CPU
	EndGlobalSection
	GlobalSection(ProjectConfigurationPlatforms) = postSolution
		{F68E8B7B-30B7-4E21-B29A-306FED6B2589}.Debug|Any CPU.ActiveCfg = Debug|Any CPU
		{F68E8B7B-30B7-4E21-B29A-306FED6B2589}.Debug|Any CPU.Build.0 = Debug|Any CPU
		{F68E8B7B-30B7-4E21-B29A-306FED6B2589}.Release|Any CPU.ActiveCfg = Release|Any CPU
		{F68E8B7B-30B7-4E21-B29A-306FED6B2589}.Release|Any CPU.Build.0 = Release|Any CPU
	EndGlobalSection
	GlobalSection(SolutionProperties) = preSolution
		HideSolutionNode = FALSE
	EndGlobalSection
	GlobalSection(ExtensibilityGlobals) = postSolution
		SolutionGuid = {91EFF64D-0F2A-4861-8E58-4817103EBB32}
	EndGlobalSection
EndGlobal
